{"SurveyEntry":{"SurveyID":"SV_0vcptFQJexQF0cl","SurveyName":"CSC 591 Privacy","SurveyDescription":null,"SurveyOwnerID":"UR_7NSJopp5DIsoeZn","SurveyBrandID":"ncsu","DivisionID":null,"SurveyLanguage":"EN","SurveyActiveResponseSet":"RS_9TtfSgTUNbAVdGt","SurveyStatus":"Active","SurveyStartDate":"0000-00-00 00:00:00","SurveyExpirationDate":"0000-00-00 00:00:00","SurveyCreationDate":"2019-10-19 09:30:27","CreatorID":"UR_7NSJopp5DIsoeZn","LastModified":"2019-12-10 19:33:34","LastAccessed":"0000-00-00 00:00:00","LastActivated":"2019-11-01 16:34:18","Deleted":null},"SurveyElements":[{"SurveyID":"SV_0vcptFQJexQF0cl","Element":"BL","PrimaryAttribute":"Survey Blocks","SecondaryAttribute":null,"TertiaryAttribute":null,"Payload":{"0":{"Type":"Default","Description":"Default Question Block","ID":"BL_9Y6wsRQBbSUfi4d","BlockElements":[{"Type":"Question","QuestionID":"QID5"},{"Type":"Question","QuestionID":"QID6"},{"Type":"Question","QuestionID":"QID7"},{"Type":"Page Break"},{"Type":"Question","QuestionID":"QID8"},{"Type":"Question","QuestionID":"QID1"},{"Type":"Page Break"},{"Type":"Question","QuestionID":"QID3"},{"Type":"Question","QuestionID":"QID9"},{"Type":"Question","QuestionID":"QID10"}],"Options":{"BlockLocking":"false","RandomizeQuestions":"false","BlockVisibility":"Expanded"}},"1":{"Type":"Trash","Description":"Trash \/ Unused Questions","ID":"BL_3F1DSPfB8z18zT7","BlockElements":[{"Type":"Question","QuestionID":"QID4"},{"Type":"Question","QuestionID":"QID11"},{"Type":"Question","QuestionID":"QID13"},{"Type":"Question","QuestionID":"QID14"},{"Type":"Question","QuestionID":"QID15"},{"Type":"Question","QuestionID":"QID18"},{"Type":"Question","QuestionID":"QID17"},{"Type":"Question","QuestionID":"QID19"},{"Type":"Question","QuestionID":"QID20"},{"Type":"Question","QuestionID":"QID22"},{"Type":"Question","QuestionID":"QID31"},{"Type":"Question","QuestionID":"QID32"},{"Type":"Question","QuestionID":"QID34"},{"Type":"Question","QuestionID":"QID2"}],"Options":{"BlockLocking":"false","RandomizeQuestions":"false","BlockVisibility":"Collapsed"}},"2":{"Type":"Standard","SubType":"","Description":"Ad block","ID":"BL_7NExTjZBMfUNp3v","BlockElements":[{"Type":"Question","QuestionID":"QID12"},{"Type":"Question","QuestionID":"QID35"}],"Options":{"BlockLocking":"false","RandomizeQuestions":"false","BlockVisibility":"Expanded"}},"4":{"Type":"Standard","SubType":"","Description":"Ghostery","ID":"BL_4JBizp2KmxoRM7H","BlockElements":[{"Type":"Question","QuestionID":"QID16"},{"Type":"Question","QuestionID":"QID36"}],"Options":{"BlockLocking":"false","RandomizeQuestions":"false","BlockVisibility":"Collapsed"}},"5":{"Type":"Standard","SubType":"","Description":"Privacy Badger","ID":"BL_9pEQtaKjoUlFNmR","BlockElements":[{"Type":"Question","QuestionID":"QID21"}],"Options":{"BlockLocking":"false","RandomizeQuestions":"false","BlockVisibility":"Collapsed"}},"6":{"Type":"Standard","SubType":"","Description":"Ending","ID":"BL_b8ydPQc3MLLNwq1","BlockElements":[{"Type":"Question","QuestionID":"QID23"},{"Type":"Question","QuestionID":"QID24"},{"Type":"Question","QuestionID":"QID25"},{"Type":"Question","QuestionID":"QID26"},{"Type":"Question","QuestionID":"QID27"}],"Options":{"BlockLocking":"false","RandomizeQuestions":"false","BlockVisibility":"Collapsed"}},"7":{"Type":"Standard","SubType":"","Description":"Common","ID":"BL_bmiwRN3Y0RVL9C5","BlockElements":[{"Type":"Question","QuestionID":"QID28"},{"Type":"Question","QuestionID":"QID29"},{"Type":"Question","QuestionID":"QID30"},{"Type":"Question","QuestionID":"QID33"}],"Options":{"BlockLocking":"false","RandomizeQuestions":"false","BlockVisibility":"Collapsed"}}}},{"SurveyID":"SV_0vcptFQJexQF0cl","Element":"FL","PrimaryAttribute":"Survey Flow","SecondaryAttribute":null,"TertiaryAttribute":null,"Payload":{"Type":"Root","FlowID":"FL_1","Flow":[{"Type":"Block","ID":"BL_9Y6wsRQBbSUfi4d","FlowID":"FL_2"},{"Type":"Standard","ID":"BL_bmiwRN3Y0RVL9C5","FlowID":"FL_16"},{"Type":"Branch","FlowID":"FL_8","Description":"New Branch","BranchLogic":{"0":{"0":{"LogicType":"Question","QuestionID":"QID10","QuestionIsInLoop":"no","ChoiceLocator":"q:\/\/QID10\/SelectableChoice\/1","Operator":"Selected","QuestionIDFromLocator":"QID10","LeftOperand":"q:\/\/QID10\/SelectableChoice\/1","Type":"Expression","Description":"<span class=\"ConjDesc\">If<\/span> <span class=\"QuestionDesc\">Do you use any of the following extensions?<\/span> <span class=\"LeftOpDesc\">Ad Block\/Ad Block Plus<\/span> <span class=\"OpDesc\">Is Selected<\/span> "},"Type":"If"},"Type":"BooleanExpression"},"Flow":[{"Type":"Block","ID":"BL_7NExTjZBMfUNp3v","FlowID":"FL_9"}]},{"Type":"Branch","FlowID":"FL_10","Description":"New Branch","BranchLogic":{"0":{"0":{"LogicType":"Question","QuestionID":"QID10","QuestionIsInLoop":"no","ChoiceLocator":"q:\/\/QID10\/SelectableChoice\/2","Operator":"Selected","QuestionIDFromLocator":"QID10","LeftOperand":"q:\/\/QID10\/SelectableChoice\/2","Type":"Expression","Description":"<span class=\"ConjDesc\">If<\/span> <span class=\"QuestionDesc\">Do you use any of the following extensions?<\/span> <span class=\"LeftOpDesc\">Ghostery<\/span> <span class=\"OpDesc\">Is Selected<\/span> "},"Type":"If"},"Type":"BooleanExpression"},"Flow":[{"Type":"Block","ID":"BL_4JBizp2KmxoRM7H","FlowID":"FL_11"}]},{"Type":"Branch","FlowID":"FL_12","Description":"New Branch","BranchLogic":{"0":{"0":{"LogicType":"Question","QuestionID":"QID10","QuestionIsInLoop":"no","ChoiceLocator":"q:\/\/QID10\/SelectableChoice\/4","Operator":"Selected","QuestionIDFromLocator":"QID10","LeftOperand":"q:\/\/QID10\/SelectableChoice\/4","Type":"Expression","Description":"<span class=\"ConjDesc\">If<\/span> <span class=\"QuestionDesc\">Do you use any of the following extensions?<\/span> <span class=\"LeftOpDesc\">Privacy Badger<\/span> <span class=\"OpDesc\">Is Selected<\/span> "},"Type":"If"},"Type":"BooleanExpression"},"Flow":[{"Type":"Block","ID":"BL_9pEQtaKjoUlFNmR","FlowID":"FL_14"}]},{"Type":"Block","ID":"BL_b8ydPQc3MLLNwq1","FlowID":"FL_15"}],"Properties":{"Count":17,"RemovedFieldsets":[]}}},{"SurveyID":"SV_0vcptFQJexQF0cl","Element":"SO","PrimaryAttribute":"Survey Options","SecondaryAttribute":null,"TertiaryAttribute":null,"Payload":{"BackButton":"false","SaveAndContinue":"true","SurveyProtection":"PublicSurvey","BallotBoxStuffingPrevention":"false","NoIndex":"Yes","SecureResponseFiles":"true","SurveyExpiration":null,"SurveyTermination":"DefaultMessage","Header":"How do you feel about privacy","Footer":"","ProgressBarDisplay":"Text","PartialData":"+1 year","ValidationMessage":null,"PreviousButton":" \u2190 ","NextButton":" \u2192 ","SkinLibrary":"ncsu","SkinType":"templated","Skin":{"brandingId":"6925735650","templateId":"*base","overrides":{"logo":{"position":"center"}}},"NewScoring":1,"CustomStyles":[],"Autofocus":"true","Autoadvance":"false","AutoadvanceHideButton":"false","AutoadvancePages":"false","PageTransition":"fade","EOSMessage":"","ShowExportTags":"false","CollectGeoLocation":"false","SurveyTitle":"Privacy Enhanching Tools","SurveyMetaDescription":"Qualtrics sophisticated online survey software solutions make creating online surveys easy. Learn more about Research Suite and get a free account today.","PasswordProtection":"No","AnonymizeResponse":"No","Password":"","RefererCheck":"No","RefererURL":"http:\/\/","UseCustomSurveyLinkCompletedMessage":null,"SurveyLinkCompletedMessage":"","SurveyLinkCompletedMessageLibrary":"","ResponseSummary":"No","EOSMessageLibrary":"","EOSRedirectURL":"https:\/\/","EmailThankYou":"false","ThankYouEmailMessageLibrary":null,"ThankYouEmailMessage":null,"ValidateMessage":"false","ValidationMessageLibrary":null,"InactiveSurvey":"DefaultMessage","PartialDataCloseAfter":"SurveyStart","ActiveResponseSet":null,"InactiveMessageLibrary":"","InactiveMessage":"","AvailableLanguages":{"EN":[]},"ProtectSelectionIds":true}},{"SurveyID":"SV_0vcptFQJexQF0cl","Element":"SCO","PrimaryAttribute":"Scoring","SecondaryAttribute":null,"TertiaryAttribute":null,"Payload":{"ScoringCategories":[],"ScoringCategoryGroups":[],"ScoringSummaryCategory":null,"ScoringSummaryAfterQuestions":0,"ScoringSummaryAfterSurvey":0,"DefaultScoringCategory":null,"AutoScoringCategory":null}},{"SurveyID":"SV_0vcptFQJexQF0cl","Element":"PROJ","PrimaryAttribute":"CORE","SecondaryAttribute":null,"TertiaryAttribute":"1.1.0","Payload":{"ProjectCategory":"CORE","SchemaVersion":"1.1.0"}},{"SurveyID":"SV_0vcptFQJexQF0cl","Element":"STAT","PrimaryAttribute":"Survey Statistics","SecondaryAttribute":null,"TertiaryAttribute":null,"Payload":{"MobileCompatible":true,"ID":"Survey Statistics"}},{"SurveyID":"SV_0vcptFQJexQF0cl","Element":"QC","PrimaryAttribute":"Survey Question Count","SecondaryAttribute":"36","TertiaryAttribute":null,"Payload":null},{"SurveyID":"SV_0vcptFQJexQF0cl","Element":"SQ","PrimaryAttribute":"QID5","SecondaryAttribute":"Age?","TertiaryAttribute":null,"Payload":{"QuestionText":"Age?","DataExportTag":"Q1","QuestionType":"MC","Selector":"SAVR","SubSelector":"TX","Configuration":{"QuestionDescriptionOption":"UseText"},"QuestionDescription":"Age?","Choices":{"1":{"Display":"10-18"},"2":{"Display":"19-22"},"3":{"Display":"23-35"},"4":{"Display":"Above 35"}},"ChoiceOrder":[1,2,3,4],"Validation":{"Settings":{"ForceResponse":"ON","ForceResponseType":"ON","Type":"None"}},"Language":[],"NextChoiceId":5,"NextAnswerId":1,"QuestionID":"QID5","QuestionText_Unsafe":"Age?","DataVisibility":{"Private":false,"Hidden":false}}},{"SurveyID":"SV_0vcptFQJexQF0cl","Element":"SQ","PrimaryAttribute":"QID4","SecondaryAttribute":"Click to write the question text","TertiaryAttribute":null,"Payload":{"QuestionText":"Click to write the question text","DataExportTag":"Q4","QuestionType":"MC","Selector":"SAVR","SubSelector":"TX","Configuration":{"QuestionDescriptionOption":"UseText"},"QuestionDescription":"Click to write the question text","Choices":{"1":{"Display":"Click to write Choice 1"},"2":{"Display":"Click to write Choice 2"},"3":{"Display":"Click to write Choice 3"}},"ChoiceOrder":["1","2","3"],"Validation":{"Settings":{"ForceResponse":"OFF","ForceResponseType":"ON","Type":"None"}},"Language":[],"NextChoiceId":4,"NextAnswerId":1,"QuestionID":"QID4"}},{"SurveyID":"SV_0vcptFQJexQF0cl","Element":"SQ","PrimaryAttribute":"QID31","SecondaryAttribute":"Click to write the question text","TertiaryAttribute":null,"Payload":{"QuestionText":"Click to write the question text","DataExportTag":"Q31","QuestionType":"MC","Selector":"SAVR","SubSelector":"TX","Configuration":{"QuestionDescriptionOption":"UseText"},"QuestionDescription":"Click to write the question text","Choices":{"1":{"Display":"Click to write Choice 1"},"2":{"Display":"Click to write Choice 2"},"3":{"Display":"Click to write Choice 3"}},"ChoiceOrder":["1","2","3"],"Validation":{"Settings":{"ForceResponse":"OFF","ForceResponseType":"ON","Type":"None"}},"Language":[],"NextChoiceId":4,"NextAnswerId":1,"QuestionID":"QID31"}},{"SurveyID":"SV_0vcptFQJexQF0cl","Element":"SQ","PrimaryAttribute":"QID32","SecondaryAttribute":"Click to write the question text","TertiaryAttribute":null,"Payload":{"QuestionText":"Click to write the question text","DataExportTag":"Q32","QuestionType":"MC","Selector":"SAVR","SubSelector":"TX","Configuration":{"QuestionDescriptionOption":"UseText"},"QuestionDescription":"Click to write the question text","Choices":{"1":{"Display":"Click to write Choice 1"},"2":{"Display":"Click to write Choice 2"},"3":{"Display":"Click to write Choice 3"}},"ChoiceOrder":["1","2","3"],"Validation":{"Settings":{"ForceResponse":"OFF","ForceResponseType":"ON","Type":"None"}},"Language":[],"NextChoiceId":4,"NextAnswerId":1,"QuestionID":"QID32"}},{"SurveyID":"SV_0vcptFQJexQF0cl","Element":"RS","PrimaryAttribute":"RS_9TtfSgTUNbAVdGt","SecondaryAttribute":"Default Response Set","TertiaryAttribute":null,"Payload":null},{"SurveyID":"SV_0vcptFQJexQF0cl","Element":"SQ","PrimaryAttribute":"QID21","SecondaryAttribute":"Do you see decrease in number of ads after using Privacy Badger for a while?","TertiaryAttribute":null,"Payload":{"QuestionText":"Do you see decrease in number of ads after using Privacy Badger for a while?","QuestionType":"MC","Selector":"SAVR","SubSelector":"TX","Configuration":{"QuestionDescriptionOption":"UseText"},"QuestionDescription":"Do you see decrease in number of ads after using Privacy Badger for a while?","Choices":{"1":{"Display":"Yes"},"2":{"Display":"No"},"3":{"Display":"Maybe"},"4":{"Display":"I don't know"}},"ChoiceOrder":[1,2,3,4],"Validation":{"Settings":{"ForceResponse":"ON","ForceResponseType":"ON","Type":"None"}},"Language":[],"NextChoiceId":5,"NextAnswerId":1,"QuestionText_Unsafe":"Do you see decrease in number of ads after using Privacy Badger for a while?","DataVisibility":{"Private":false,"Hidden":false},"DataExportTag":"Q17","QuestionID":"QID21"}},{"SurveyID":"SV_0vcptFQJexQF0cl","Element":"SQ","PrimaryAttribute":"QID12","SecondaryAttribute":"Do you still see ads after installing Ad Block\/Ad Block plus?","TertiaryAttribute":null,"Payload":{"QuestionText":"<div>Do you still see ads after installing Ad Block\/Ad Block plus?<\/div>","DataExportTag":"Q13","QuestionType":"MC","Selector":"SAVR","SubSelector":"TX","Configuration":{"QuestionDescriptionOption":"UseText"},"QuestionDescription":"Do you still see ads after installing Ad Block\/Ad Block plus?","Choices":{"1":{"Display":"All the time"},"2":{"Display":"Sometime"},"3":{"Display":"Never"}},"ChoiceOrder":[1,2,3],"Validation":{"Settings":{"ForceResponse":"ON","ForceResponseType":"ON","Type":"None"}},"Language":[],"NextChoiceId":4,"NextAnswerId":1,"QuestionID":"QID12","DataVisibility":{"Private":false,"Hidden":false},"QuestionText_Unsafe":"<div>Do you still see ads after installing Ad Block\/Ad Block plus?<\/div>"}},{"SurveyID":"SV_0vcptFQJexQF0cl","Element":"SQ","PrimaryAttribute":"QID13","SecondaryAttribute":"Do you think blocking ads is same as blocking online tracking?","TertiaryAttribute":null,"Payload":{"QuestionText":"Do you think blocking ads is same as blocking online tracking?","DataExportTag":"Q13","QuestionType":"MC","Selector":"SAVR","SubSelector":"TX","Configuration":{"QuestionDescriptionOption":"UseText"},"QuestionDescription":"Do you think blocking ads is same as blocking online tracking?","Choices":{"1":{"Display":"Yes"},"2":{"Display":"Maybe"},"3":{"Display":"No"},"4":{"Display":"I don't know"}},"ChoiceOrder":[1,2,3,4],"Validation":{"Settings":{"ForceResponse":"OFF","ForceResponseType":"ON","Type":"None"}},"AnalyzeChoices":{"4":"No"},"Language":[],"NextChoiceId":5,"NextAnswerId":1,"QuestionID":"QID13","DataVisibility":{"Private":false,"Hidden":false}}},{"SurveyID":"SV_0vcptFQJexQF0cl","Element":"SQ","PrimaryAttribute":"QID17","SecondaryAttribute":"Do you think blocking ads is same as blocking online tracking?","TertiaryAttribute":null,"Payload":{"QuestionText":"Do you think blocking ads is same as blocking online tracking?","QuestionType":"MC","Selector":"SAVR","SubSelector":"TX","Configuration":{"QuestionDescriptionOption":"UseText"},"QuestionDescription":"Do you think blocking ads is same as blocking online tracking?","Choices":{"1":{"Display":"Yes"},"2":{"Display":"Maybe"},"3":{"Display":"No"},"4":{"Display":"I don't know"}},"ChoiceOrder":[1,2,3,4],"Validation":{"Settings":{"ForceResponse":"OFF","ForceResponseType":"ON","Type":"None"}},"AnalyzeChoices":{"4":"No"},"Language":[],"NextChoiceId":5,"NextAnswerId":1,"QuestionText_Unsafe":"Do you think blocking ads is same as blocking online trackering?","DataExportTag":"Q17","QuestionID":"QID17","DataVisibility":{"Private":false,"Hidden":false}}},{"SurveyID":"SV_0vcptFQJexQF0cl","Element":"SQ","PrimaryAttribute":"QID22","SecondaryAttribute":"Do you think blocking ads is same as blocking online tracking?","TertiaryAttribute":null,"Payload":{"QuestionText":"Do you think blocking ads is same as blocking online tracking?","QuestionType":"MC","Selector":"SAVR","SubSelector":"TX","Configuration":{"QuestionDescriptionOption":"UseText"},"QuestionDescription":"Do you think blocking ads is same as blocking online tracking?","Choices":{"1":{"Display":"Yes"},"2":{"Display":"Maybe"},"3":{"Display":"No"},"4":{"Display":"I don't know"}},"ChoiceOrder":[1,2,3,4],"Validation":{"Settings":{"ForceResponse":"OFF","ForceResponseType":"ON","Type":"None"}},"AnalyzeChoices":{"4":"No"},"Language":[],"NextChoiceId":5,"NextAnswerId":1,"QuestionText_Unsafe":"Do you think blocking ads is same as blocking online trackering?","DataExportTag":"Q22","QuestionID":"QID22","DataVisibility":{"Private":false,"Hidden":false}}},{"SurveyID":"SV_0vcptFQJexQF0cl","Element":"SQ","PrimaryAttribute":"QID29","SecondaryAttribute":"Do you think blocking ads is same as blocking online tracking?","TertiaryAttribute":null,"Payload":{"QuestionText":"Do you think blocking ads is same as blocking online tracking?","DataExportTag":"Q10","QuestionType":"MC","Selector":"SAVR","SubSelector":"TX","Configuration":{"QuestionDescriptionOption":"UseText"},"QuestionDescription":"Do you think blocking ads is same as blocking online tracking?","Choices":{"1":{"Display":"Yes"},"2":{"Display":"Maybe"},"3":{"Display":"No"},"4":{"Display":"Probably not"}},"ChoiceOrder":[1,2,3,4],"Validation":{"Settings":{"ForceResponse":"ON","ForceResponseType":"ON","Type":"None"}},"Language":[],"NextChoiceId":5,"NextAnswerId":1,"QuestionID":"QID29","QuestionText_Unsafe":"Do you think blocking ads is same as blocking online tracking?","DataVisibility":{"Private":false,"Hidden":false}}},{"SurveyID":"SV_0vcptFQJexQF0cl","Element":"SQ","PrimaryAttribute":"QID23","SecondaryAttribute":"Do you think extension itself sells data?","TertiaryAttribute":null,"Payload":{"QuestionText":"<div>Do you think extension itself sells data?<\/div>","DataExportTag":"Q18","QuestionType":"MC","Selector":"SAVR","SubSelector":"TX","Configuration":{"QuestionDescriptionOption":"UseText"},"QuestionDescription":"Do you think extension itself sells data?","Choices":{"1":{"Display":"Yes"},"2":{"Display":"Maybe"},"3":{"Display":"No"},"4":{"Display":"Not sure"}},"ChoiceOrder":[1,2,3,4],"Validation":{"Settings":{"ForceResponse":"ON","ForceResponseType":"ON","Type":"None"}},"AnalyzeChoices":{"4":"No"},"Language":[],"NextChoiceId":5,"NextAnswerId":1,"QuestionID":"QID23","DataVisibility":{"Private":false,"Hidden":false},"QuestionText_Unsafe":"<div>Do you think extension itself sells data?<\/div>"}},{"SurveyID":"SV_0vcptFQJexQF0cl","Element":"SQ","PrimaryAttribute":"QID27","SecondaryAttribute":"Do you think more such tools might make you more secure against trackers?","TertiaryAttribute":null,"Payload":{"QuestionText":"Do you think more such tools might make you more secure against trackers?","DataExportTag":"Q22","QuestionType":"MC","Selector":"SAVR","SubSelector":"TX","Configuration":{"QuestionDescriptionOption":"UseText"},"QuestionDescription":"Do you think more such tools might make you more secure against trackers?","Choices":{"1":{"Display":"Yes"},"2":{"Display":"No"},"3":{"Display":"Maybe"},"4":{"Display":"I don't know"}},"ChoiceOrder":[1,2,3,4],"Validation":{"Settings":{"ForceResponse":"ON","ForceResponseType":"ON","Type":"None"}},"Language":[],"NextChoiceId":5,"NextAnswerId":1,"QuestionID":"QID27","DataVisibility":{"Private":false,"Hidden":false},"QuestionText_Unsafe":"Do you think more tools might make you more secure against trackers?"}},{"SurveyID":"SV_0vcptFQJexQF0cl","Element":"SQ","PrimaryAttribute":"QID14","SecondaryAttribute":"Do you think would Facebook or any other social media website be able to track you in spite of en...","TertiaryAttribute":null,"Payload":{"QuestionText":"Do you think would&nbsp; Facebook or any other social media website be able to track you in spite of enabling Ad Block?","DataExportTag":"Q14","QuestionType":"MC","Selector":"SAVR","SubSelector":"TX","Configuration":{"QuestionDescriptionOption":"UseText"},"QuestionDescription":"Do you think would Facebook or any other social media website be able to track you in spite of en...","Choices":{"1":{"Display":"Yes"},"2":{"Display":"Maybe"},"3":{"Display":"No"},"4":{"Display":"I don't know"}},"ChoiceOrder":[1,2,3,4],"Validation":{"Settings":{"ForceResponse":"OFF","ForceResponseType":"ON","Type":"None"}},"Language":[],"NextChoiceId":5,"NextAnswerId":1,"QuestionID":"QID14","DataVisibility":{"Private":false,"Hidden":false}}},{"SurveyID":"SV_0vcptFQJexQF0cl","Element":"SQ","PrimaryAttribute":"QID2","SecondaryAttribute":"Do you use any extension or tool for blocking ads?","TertiaryAttribute":null,"Payload":{"QuestionText":"Do you use any extension or tool for blocking ads?","DataExportTag":"Q6","QuestionType":"MC","Selector":"SAVR","SubSelector":"TX","Configuration":{"QuestionDescriptionOption":"UseText"},"QuestionDescription":"Do you use any extension or tool for blocking ads?","Choices":{"1":{"Display":"Yes"},"2":{"Display":"No"}},"ChoiceOrder":[1,2],"Validation":{"Settings":{"ForceResponse":"OFF","ForceResponseType":"ON","Type":"None"}},"Language":[],"NextChoiceId":3,"NextAnswerId":1,"QuestionID":"QID2","DataVisibility":{"Private":false,"Hidden":false}}},{"SurveyID":"SV_0vcptFQJexQF0cl","Element":"SQ","PrimaryAttribute":"QID10","SecondaryAttribute":"Do you use any of the following extensions?","TertiaryAttribute":null,"Payload":{"QuestionText":"<div>Do you use any of the following extensions?<\/div>","DataExportTag":"Q8","QuestionType":"MC","Selector":"MACOL","SubSelector":"TX","Configuration":{"QuestionDescriptionOption":"UseText","NumColumns":2},"QuestionDescription":"Do you use any of the following extensions?","Choices":{"1":{"Display":"Ad Block\/Ad Block Plus"},"2":{"Display":"Ghostery"},"3":{"Display":"Other, if any, please specify","TextEntry":"true"},"4":{"Display":"Privacy Badger"},"5":{"Display":"Disconnect"}},"ChoiceOrder":[1,2,3,4,5],"Validation":{"Settings":{"ForceResponse":"ON","ForceResponseType":"ON","Type":"None"}},"Language":[],"NextChoiceId":6,"NextAnswerId":1,"QuestionID":"QID10","DefaultChoices":false,"GradingData":[],"QuestionText_Unsafe":"<div>Do you use any of the following extensions?<\/div>","DataVisibility":{"Private":false,"Hidden":false}}},{"SurveyID":"SV_0vcptFQJexQF0cl","Element":"SQ","PrimaryAttribute":"QID6","SecondaryAttribute":"Gender?","TertiaryAttribute":null,"Payload":{"QuestionText":"Gender?","DataExportTag":"Q2","QuestionType":"MC","Selector":"SAVR","SubSelector":"TX","Configuration":{"QuestionDescriptionOption":"UseText"},"QuestionDescription":"Gender?","Choices":{"1":{"Display":"Male"},"2":{"Display":"Female"},"3":{"Display":"Non-Binary"}},"ChoiceOrder":[1,2,3],"Validation":{"Settings":{"ForceResponse":"ON","ForceResponseType":"ON","Type":"None"}},"Language":[],"NextChoiceId":4,"NextAnswerId":1,"QuestionID":"QID6","QuestionText_Unsafe":"Gender?","DataVisibility":{"Private":false,"Hidden":false}}},{"SurveyID":"SV_0vcptFQJexQF0cl","Element":"SQ","PrimaryAttribute":"QID24","SecondaryAttribute":"Has your internet browsing experience improved on using these tools?","TertiaryAttribute":null,"Payload":{"QuestionText":"Has your internet browsing experience improved on using these tools?","DataExportTag":"Q19","QuestionType":"MC","Selector":"SAVR","SubSelector":"TX","Configuration":{"QuestionDescriptionOption":"UseText"},"QuestionDescription":"Has your internet browsing experience improved on using these tools?","Choices":{"1":{"Display":"Yes"},"2":{"Display":"Somewhat"},"3":{"Display":"No"}},"ChoiceOrder":["1","2","3"],"Validation":{"Settings":{"ForceResponse":"ON","ForceResponseType":"ON","Type":"None"}},"Language":[],"NextChoiceId":4,"NextAnswerId":1,"QuestionID":"QID24","QuestionText_Unsafe":"Has your internet browsing experience improved on using these tools?","DataVisibility":{"Private":false,"Hidden":false}}},{"SurveyID":"SV_0vcptFQJexQF0cl","Element":"SQ","PrimaryAttribute":"QID34","SecondaryAttribute":"Have you ever configured the settings of adblock \/ adblock plus?","TertiaryAttribute":null,"Payload":{"QuestionText":"Have you ever configured the settings of adblock \/ adblock plus?","DataExportTag":"Q34","QuestionType":"MC","Selector":"SAVR","SubSelector":"TX","Configuration":{"QuestionDescriptionOption":"UseText"},"QuestionDescription":"Have you ever configured the settings of adblock \/ adblock plus?","Choices":{"1":{"Display":"Yes"},"2":{"Display":"No"}},"ChoiceOrder":[1,2],"Validation":{"Settings":{"ForceResponse":"OFF","ForceResponseType":"ON","Type":"None"}},"Language":[],"NextChoiceId":3,"NextAnswerId":1,"QuestionID":"QID34"}},{"SurveyID":"SV_0vcptFQJexQF0cl","Element":"SQ","PrimaryAttribute":"QID11","SecondaryAttribute":"Have you ever need to visit the settings for adblock?","TertiaryAttribute":null,"Payload":{"QuestionText":"Have you ever need to visit the settings for adblock?","DataExportTag":"Q11","QuestionType":"MC","Selector":"SAVR","SubSelector":"TX","Configuration":{"QuestionDescriptionOption":"UseText"},"QuestionDescription":"Have you ever need to visit the settings for adblock?","Choices":{"1":{"Display":"Yes"},"2":{"Display":"Maybe"},"3":{"Display":"No"}},"ChoiceOrder":[1,2,3],"Validation":{"Settings":{"ForceResponse":"OFF","ForceResponseType":"ON","Type":"None"}},"Language":[],"NextChoiceId":4,"NextAnswerId":1,"QuestionID":"QID11","DataVisibility":{"Private":false,"Hidden":false}}},{"SurveyID":"SV_0vcptFQJexQF0cl","Element":"SQ","PrimaryAttribute":"QID15","SecondaryAttribute":"Have you ever need to visit the settings for Ghostery?","TertiaryAttribute":null,"Payload":{"QuestionText":"Have you ever need to visit the settings for Ghostery?","QuestionType":"MC","Selector":"SAVR","SubSelector":"TX","Configuration":{"QuestionDescriptionOption":"UseText"},"QuestionDescription":"Have you ever need to visit the settings for Ghostery?","Choices":{"1":{"Display":"Yes"},"2":{"Display":"Maybe"},"3":{"Display":"No"}},"ChoiceOrder":[1,2,3],"Validation":{"Settings":{"ForceResponse":"OFF","ForceResponseType":"ON","Type":"None"}},"Language":[],"NextChoiceId":4,"NextAnswerId":1,"QuestionText_Unsafe":"Have you ever need to visit the settings for adblock?","DataExportTag":"Q15","QuestionID":"QID15","DataVisibility":{"Private":false,"Hidden":false}}},{"SurveyID":"SV_0vcptFQJexQF0cl","Element":"SQ","PrimaryAttribute":"QID19","SecondaryAttribute":"Have you ever need to visit the settings for Privacy Badger?","TertiaryAttribute":null,"Payload":{"QuestionText":"Have you ever need to visit the settings for Privacy Badger?","QuestionType":"MC","Selector":"SAVR","SubSelector":"TX","Configuration":{"QuestionDescriptionOption":"UseText"},"QuestionDescription":"Have you ever need to visit the settings for Privacy Badger?","Choices":{"1":{"Display":"Yes"},"2":{"Display":"Maybe"},"3":{"Display":"No"}},"ChoiceOrder":[1,2,3],"Validation":{"Settings":{"ForceResponse":"OFF","ForceResponseType":"ON","Type":"None"}},"Language":[],"NextChoiceId":4,"NextAnswerId":1,"QuestionText_Unsafe":"Have you ever need to visit the settings for Ghostery?","DataVisibility":{"Private":false,"Hidden":false},"DataExportTag":"Q19","QuestionID":"QID19"}},{"SurveyID":"SV_0vcptFQJexQF0cl","Element":"SQ","PrimaryAttribute":"QID33","SecondaryAttribute":"How did you first hear about ad block extensions and tools ?","TertiaryAttribute":null,"Payload":{"QuestionText":"How did you first hear about ad block extensions and tools ?","DataExportTag":"Q12","QuestionType":"MC","Selector":"SAVR","SubSelector":"TX","Configuration":{"QuestionDescriptionOption":"UseText"},"QuestionDescription":"How did you first hear about ad block extensions and tools ?","Choices":{"1":{"Display":"Browsing the web"},"2":{"Display":"Social Media"},"3":{"Display":"Friends\/Colleagues"},"4":{"Display":"A news article"}},"ChoiceOrder":[1,2,3,4],"Validation":{"Settings":{"ForceResponse":"ON","ForceResponseType":"ON","Type":"None"}},"Language":[],"NextChoiceId":5,"NextAnswerId":1,"QuestionID":"QID33","QuestionText_Unsafe":"How did you first hear about ad block extensions and tools ?","DataVisibility":{"Private":false,"Hidden":false}}},{"SurveyID":"SV_0vcptFQJexQF0cl","Element":"SQ","PrimaryAttribute":"QID1","SecondaryAttribute":"How do you feel about online ads?","TertiaryAttribute":null,"Payload":{"QuestionText":"<p>How do you feel about online ads?<\/p>","DataExportTag":"Q5","QuestionType":"MC","Selector":"SAVR","SubSelector":"TX","Configuration":{"QuestionDescriptionOption":"UseText"},"QuestionDescription":"How do you feel about online ads?","Choices":{"1":{"Display":"Suspicious"},"2":{"Display":"Annoying"},"3":{"Display":"Informative"},"4":{"Display":"Distracting"}},"ChoiceOrder":[1,2,3,4],"Validation":{"Settings":{"ForceResponse":"ON","ForceResponseType":"ON","Type":"None"}},"Language":[],"NextChoiceId":5,"NextAnswerId":1,"QuestionID":"QID1","DynamicChoicesData":[],"DataVisibility":{"Private":false,"Hidden":false},"QuestionText_Unsafe":"<p>How do you feel about online ads?<\/p>"}},{"SurveyID":"SV_0vcptFQJexQF0cl","Element":"SQ","PrimaryAttribute":"QID9","SecondaryAttribute":"How many extensions do you have on your browser for ad blocking?","TertiaryAttribute":null,"Payload":{"QuestionText":"How many extensions do you have on your browser for ad blocking?","DataExportTag":"Q7","QuestionType":"MC","Selector":"SAVR","SubSelector":"TX","Configuration":{"QuestionDescriptionOption":"UseText"},"QuestionDescription":"How many extensions do you have on your browser for ad blocking?","Choices":{"1":{"Display":"1"},"2":{"Display":"2"},"3":{"Display":"3"},"4":{"Display":"More than 3"}},"ChoiceOrder":[1,2,3,4],"Validation":{"Settings":{"ForceResponse":"ON","ForceResponseType":"ON","Type":"None"}},"Language":[],"NextChoiceId":5,"NextAnswerId":1,"QuestionID":"QID9","DataVisibility":{"Private":false,"Hidden":false},"QuestionText_Unsafe":"How many extensions do you have on your browser for ad blocking?"}},{"SurveyID":"SV_0vcptFQJexQF0cl","Element":"SQ","PrimaryAttribute":"QID16","SecondaryAttribute":"How often do you update Ghostery after installation?","TertiaryAttribute":null,"Payload":{"QuestionText":"How often do you update Ghostery after installation?","QuestionType":"MC","Selector":"SAVR","SubSelector":"TX","Configuration":{"QuestionDescriptionOption":"UseText"},"QuestionDescription":"How often do you update Ghostery after installation?","Choices":{"1":{"Display":"Frequently"},"2":{"Display":"Rarely"},"3":{"Display":"Never"}},"ChoiceOrder":[1,2,3],"Validation":{"Settings":{"ForceResponse":"ON","ForceResponseType":"ON","Type":"None"}},"Language":[],"NextChoiceId":4,"NextAnswerId":1,"QuestionText_Unsafe":"How often do you update Ghostery after installation?","DataExportTag":"Q15","QuestionID":"QID16","DataVisibility":{"Private":false,"Hidden":false}}},{"SurveyID":"SV_0vcptFQJexQF0cl","Element":"SQ","PrimaryAttribute":"QID25","SecondaryAttribute":"In what aspect has you internet viewing experience improved?","TertiaryAttribute":null,"Payload":{"QuestionText":"In what aspect has you internet viewing experience improved?","DefaultChoices":false,"DataExportTag":"Q20","QuestionType":"MC","Selector":"MACOL","SubSelector":"TX","Configuration":{"QuestionDescriptionOption":"UseText","NumColumns":2},"QuestionDescription":"In what aspect has you internet viewing experience improved?","Choices":{"1":{"Display":"Feel like I'm being tracked less"},"2":{"Display":"Lesser annoying ads"},"3":{"Display":"Faster website loading"},"4":{"Display":"Others","TextEntry":"true"}},"ChoiceOrder":[1,2,3,4],"Validation":{"Settings":{"ForceResponse":"ON","ForceResponseType":"ON","Type":"None"}},"GradingData":[],"Language":[],"NextChoiceId":5,"NextAnswerId":1,"QuestionID":"QID25","DataVisibility":{"Private":false,"Hidden":false},"QuestionText_Unsafe":"In what aspect has you internet viewing experience improved?"}},{"SurveyID":"SV_0vcptFQJexQF0cl","Element":"SQ","PrimaryAttribute":"QID26","SecondaryAttribute":"In what aspect has your internet viewing experience worsened?","TertiaryAttribute":null,"Payload":{"QuestionText":"<div>In what aspect has your internet viewing experience worsened?<\/div>","DataExportTag":"Q21","QuestionType":"MC","Selector":"MAVR","SubSelector":"TX","Configuration":{"QuestionDescriptionOption":"UseText"},"QuestionDescription":"In what aspect has your internet viewing experience worsened?","Choices":{"1":{"Display":"Not able to view certain websites"},"2":{"Display":"Suggestion on websites"},"3":{"Display":"Longer website loading"},"4":{"Display":"Others","TextEntry":"true"}},"ChoiceOrder":[1,2,3,4],"Validation":{"Settings":{"ForceResponse":"ON","ForceResponseType":"ON","Type":"None"}},"Language":[],"NextChoiceId":5,"NextAnswerId":1,"QuestionID":"QID26","DataVisibility":{"Private":false,"Hidden":false},"QuestionText_Unsafe":"<div>In what aspect has your internet viewing experience worsened?<\/div>"}},{"SurveyID":"SV_0vcptFQJexQF0cl","Element":"SQ","PrimaryAttribute":"QID7","SecondaryAttribute":"Occupation","TertiaryAttribute":null,"Payload":{"QuestionText":"<div>Occupation<\/div>","DataExportTag":"Q3","QuestionType":"MC","Selector":"SAVR","SubSelector":"TX","Configuration":{"QuestionDescriptionOption":"UseText"},"QuestionDescription":"Occupation","Choices":{"1":{"Display":"Unemployed"},"2":{"Display":"Student"},"3":{"Display":"Working Professional"},"4":{"Display":"Other (Please Specify)","TextEntry":"true"}},"ChoiceOrder":[1,2,3,4],"Validation":{"Settings":{"ForceResponse":"ON","ForceResponseType":"ON","Type":"None"}},"Language":[],"NextChoiceId":5,"NextAnswerId":1,"QuestionID":"QID7","DataVisibility":{"Private":false,"Hidden":false},"QuestionText_Unsafe":"<div>Occupation<\/div>"}},{"SurveyID":"SV_0vcptFQJexQF0cl","Element":"SQ","PrimaryAttribute":"QID36","SecondaryAttribute":"What all settings have you configured in Ghostery to disable tracking?","TertiaryAttribute":null,"Payload":{"QuestionText":"What all settings have you configured in Ghostery to disable tracking?","DataExportTag":"Q16","QuestionType":"MC","Selector":"MAVR","SubSelector":"TX","Configuration":{"QuestionDescriptionOption":"UseText"},"QuestionDescription":"What all settings have you configured in Ghostery to disable tracking?","Choices":{"1":{"Display":"Block all button"},"2":{"Display":"Replace blocked social media button with a Ghostery icon"},"3":{"Display":"Block new trackers added to Ghostery by default"}},"ChoiceOrder":["1","2","3"],"Validation":{"Settings":{"ForceResponse":"ON","ForceResponseType":"ON","Type":"None"}},"Language":[],"NextChoiceId":4,"NextAnswerId":1,"QuestionID":"QID36","QuestionText_Unsafe":"What all settings have you configured in Ghostery to disable tracking?","DataVisibility":{"Private":false,"Hidden":false}}},{"SurveyID":"SV_0vcptFQJexQF0cl","Element":"SQ","PrimaryAttribute":"QID3","SecondaryAttribute":"What is your primary purpose of using an ad block extension or tool?","TertiaryAttribute":null,"Payload":{"QuestionText":"What is your primary purpose of using an ad block&nbsp; extension or tool?","DataExportTag":"Q6","QuestionType":"MC","Selector":"MACOL","SubSelector":"TX","Configuration":{"QuestionDescriptionOption":"UseText","NumColumns":2},"QuestionDescription":"What is your primary purpose of using an ad block extension or tool?","Choices":{"1":{"Display":"Avoid Tracking"},"2":{"Display":"Inappropriate content blocking"},"3":{"Display":"Block Viruses"},"4":{"Display":"Intrusive and annoying popup ads"},"5":{"Display":"Friends suggested me to have one"}},"ChoiceOrder":[1,2,3,4,5],"Validation":{"Settings":{"ForceResponse":"ON","ForceResponseType":"ON","Type":"None"}},"Language":[],"NextChoiceId":6,"NextAnswerId":1,"QuestionID":"QID3","DataVisibility":{"Private":false,"Hidden":false},"DefaultChoices":false,"GradingData":[],"QuestionText_Unsafe":"What is your primary purpose of using an ad block&nbsp; extension or tool?"}},{"SurveyID":"SV_0vcptFQJexQF0cl","Element":"SQ","PrimaryAttribute":"QID35","SecondaryAttribute":"Which Ad block plus feature(s) do you use ?","TertiaryAttribute":null,"Payload":{"QuestionText":"Which Ad block plus feature(s) do you use ?","DataExportTag":"Q14","QuestionType":"MC","Selector":"MAVR","SubSelector":"TX","Configuration":{"QuestionDescriptionOption":"UseText"},"QuestionDescription":"Which Ad block plus feature(s) do you use ?","Choices":{"1":{"Display":"Adding my own filters"},"2":{"Display":"Adding or removing filter subscriptions"},"3":{"Display":"Filter hit statistics"},"4":{"Display":"Adding rules with element hiding helper"},"5":{"Display":"Disable Ad block plus on a website"}},"ChoiceOrder":[1,2,3,4,5],"Validation":{"Settings":{"ForceResponse":"ON","ForceResponseType":"ON","Type":"None"}},"Language":[],"NextChoiceId":6,"NextAnswerId":1,"QuestionID":"QID35","QuestionText_Unsafe":"Which Ad block plus feature(s) do you use ?","DataVisibility":{"Private":false,"Hidden":false}}},{"SurveyID":"SV_0vcptFQJexQF0cl","Element":"SQ","PrimaryAttribute":"QID30","SecondaryAttribute":"Which all extension do you think would block social media giants like Facebook from tracking you?","TertiaryAttribute":null,"Payload":{"QuestionText":"Which all extension do you think would block social media giants like Facebook from tracking you?","DataExportTag":"Q11","QuestionType":"MC","Selector":"MAVR","SubSelector":"TX","Configuration":{"QuestionDescriptionOption":"UseText"},"QuestionDescription":"Which all extension do you think would block social media giants like Facebook from tracking you?","Choices":{"1":{"Display":"Adblock\/AdBlock Plus"},"2":{"Display":"Privacy Badger"},"3":{"Display":"Ghostery"},"4":{"Display":"None of them"}},"ChoiceOrder":[1,2,3,4],"Validation":{"Settings":{"ForceResponse":"ON","ForceResponseType":"ON","Type":"None"}},"Language":[],"NextChoiceId":5,"NextAnswerId":1,"QuestionID":"QID30","QuestionText_Unsafe":"Which all extension do you think would block social media giants like Facebook from tracking you?","DataVisibility":{"Private":false,"Hidden":false}}},{"SurveyID":"SV_0vcptFQJexQF0cl","Element":"SQ","PrimaryAttribute":"QID28","SecondaryAttribute":"Which all extensions' default settings have you visited?","TertiaryAttribute":null,"Payload":{"QuestionText":"Which all extensions' default settings have you visited?","DataExportTag":"Q9","QuestionType":"MC","Selector":"MAVR","SubSelector":"TX","Configuration":{"QuestionDescriptionOption":"UseText"},"QuestionDescription":"Which all extensions' default settings have you visited?","Choices":{"1":{"Display":"AdBlock\/AdBlock Plus"},"2":{"Display":"Privacy Badger"},"3":{"Display":"Ghostery"}},"ChoiceOrder":[1,2,3],"Validation":{"Settings":{"ForceResponse":"ON","ForceResponseType":"ON","Type":"None"}},"Language":[],"NextChoiceId":4,"NextAnswerId":1,"QuestionID":"QID28","QuestionText_Unsafe":"Which all extension's default settings have you visited?","DataVisibility":{"Private":false,"Hidden":false}}},{"SurveyID":"SV_0vcptFQJexQF0cl","Element":"SQ","PrimaryAttribute":"QID8","SecondaryAttribute":"Which web browser(s) do you use?","TertiaryAttribute":null,"Payload":{"QuestionText":"Which web browser(s) do you use?","DefaultChoices":false,"DataExportTag":"Q4","QuestionType":"MC","Selector":"MACOL","SubSelector":"TX","Configuration":{"QuestionDescriptionOption":"UseText","NumColumns":2},"QuestionDescription":"Which web browser(s) do you use?","Choices":{"1":{"Display":"Google Chrome"},"2":{"Display":"Mozilla Firefox"},"3":{"Display":"Other (Please Specify)","TextEntry":"true"},"4":{"Display":"Microsoft Edge"},"5":{"Display":"Apple Safari"}},"ChoiceOrder":[1,2,3,4,5],"Validation":{"Settings":{"ForceResponse":"ON","ForceResponseType":"ON","Type":"None"}},"GradingData":[],"Language":[],"NextChoiceId":6,"NextAnswerId":1,"QuestionID":"QID8","DataVisibility":{"Private":false,"Hidden":false},"QuestionText_Unsafe":"Which web browser(s) do you use?"}},{"SurveyID":"SV_0vcptFQJexQF0cl","Element":"SQ","PrimaryAttribute":"QID18","SecondaryAttribute":"Would Facebook or any other social media giant be able to track you in spite of Ghostery?","TertiaryAttribute":null,"Payload":{"QuestionText":"Would Facebook or any other social media giant be able to track you in spite of Ghostery?","QuestionType":"MC","Selector":"SAVR","SubSelector":"TX","Configuration":{"QuestionDescriptionOption":"UseText"},"QuestionDescription":"Would Facebook or any other social media giant be able to track you in spite of Ghostery?","Choices":{"1":{"Display":"Yes"},"2":{"Display":"Maybe"},"3":{"Display":"No"},"4":{"Display":"I don't know"}},"ChoiceOrder":[1,2,3,4],"Validation":{"Settings":{"ForceResponse":"OFF","ForceResponseType":"ON","Type":"None"}},"Language":[],"NextChoiceId":5,"NextAnswerId":1,"QuestionText_Unsafe":"Would Facebook or any other social media giant be able to track you inspite of Ad Block?","DataExportTag":"Q18","QuestionID":"QID18","DataVisibility":{"Private":false,"Hidden":false}}},{"SurveyID":"SV_0vcptFQJexQF0cl","Element":"SQ","PrimaryAttribute":"QID20","SecondaryAttribute":"Would Facebook or any other social media giant be able to track you in spite of Privacy Badger?","TertiaryAttribute":null,"Payload":{"QuestionText":"Would Facebook or any other social media giant be able to track you in spite of Privacy Badger?","QuestionType":"MC","Selector":"SAVR","SubSelector":"TX","Configuration":{"QuestionDescriptionOption":"UseText"},"QuestionDescription":"Would Facebook or any other social media giant be able to track you in spite of Privacy Badger?","Choices":{"1":{"Display":"Yes"},"2":{"Display":"Maybe"},"3":{"Display":"No"},"4":{"Display":"I don't know"}},"ChoiceOrder":[1,2,3,4],"Validation":{"Settings":{"ForceResponse":"OFF","ForceResponseType":"ON","Type":"None"}},"Language":[],"NextChoiceId":5,"NextAnswerId":1,"QuestionText_Unsafe":"Would Facebook or any other social media giant be able to track you in spite of Ghostery?","DataVisibility":{"Private":false,"Hidden":false},"DataExportTag":"Q20","QuestionID":"QID20"}}]}